
Microsoft Visual Studio Solution File, Format Version 12.00
# Visual Studio Version 17
VisualStudioVersion = 17.9.34728.123
MinimumVisualStudioVersion = 10.0.40219.1
Project("{FAE04EC0-301F-11D3-BF4B-00C04F79EFBC}") = "DentalClinic_API", "DentalClinic_API\DentalClinic_API.csproj", "{FE5DE8F5-DDD6-4628-A14E-E31799485B09}"
EndProject
Global
	GlobalSection(SolutionConfigurationPlatforms) = preSolution
		Debug|Any CPU = Debug|Any CPU
		Release|Any CPU = Release|Any CPU
	EndGlobalSection
	GlobalSection(ProjectConfigurationPlatforms) = postSolution
		{FE5DE8F5-DDD6-4628-A14E-E31799485B09}.Debug|Any CPU.ActiveCfg = Debug|Any CPU
		{FE5DE8F5-DDD6-4628-A14E-E31799485B09}.Debug|Any CPU.Build.0 = Debug|Any CPU
		{FE5DE8F5-DDD6-4628-A14E-E31799485B09}.Release|Any CPU.ActiveCfg = Release|Any CPU
		{FE5DE8F5-DDD6-4628-A14E-E31799485B09}.Release|Any CPU.Build.0 = Release|Any CPU
	EndGlobalSection
	GlobalSection(SolutionProperties) = preSolution
		HideSolutionNode = FALSE
	EndGlobalSection
	GlobalSection(ExtensibilityGlobals) = postSolution
		SolutionGuid = {40F889C6-8C6A-4317-8C9C-62ED0AC62CE7}
	EndGlobalSection
EndGlobal
